
Microsoft Visual Studio Solution File, Format Version 12.00
Project("{FAE04EC0-301F-11D3-BF4B-00C04F79EFBC}") = "CoreBankDemo.PaymentsAPI", "CoreBankDemo.PaymentsAPI\CoreBankDemo.PaymentsAPI.csproj", "{6E73E19A-A7E5-4445-85F5-84D290CD15EF}"
EndProject
Project("{FAE04EC0-301F-11D3-BF4B-00C04F79EFBC}") = "CoreBankDemo.CoreBankAPI", "CoreBankDemo.CoreBankAPI\CoreBankDemo.CoreBankAPI.csproj", "{763C4D3D-4DE9-4935-8121-6B355EF37ACB}"
EndProject
Project("{FAE04EC0-301F-11D3-BF4B-00C04F79EFBC}") = "CoreBankDemo.AppHost", "CoreBankDemo.AppHost\CoreBankDemo.AppHost.csproj", "{F76F7DAB-8076-44A1-BEDF-1841AB7488F2}"
EndProject
Project("{FAE04EC0-301F-11D3-BF4B-00C04F79EFBC}") = "CoreBankDemo.ServiceDefaults", "CoreBankDemo.ServiceDefaults\CoreBankDemo.ServiceDefaults.csproj", "{A16AD6B2-4451-442A-8356-1EBE9BEAF793}"
EndProject
Project("{2150E333-8FDC-42A3-9474-1A3956D46DE8}") = "Aspire", "Aspire", "{6A288DCA-7E0A-452E-893C-3A7CBA069849}"
EndProject
Project("{2150E333-8FDC-42A3-9474-1A3956D46DE8}") = "Core Bank", "Core Bank", "{98FF36C2-ECFA-4DB2-855D-D20E3DA5E139}"
EndProject
Project("{2150E333-8FDC-42A3-9474-1A3956D46DE8}") = "Payment Orders", "Payment Orders", "{AF37A4E2-64C8-494B-9C9F-BA778B8FA6FF}"
EndProject
Project("{FAE04EC0-301F-11D3-BF4B-00C04F79EFBC}") = "CoreBankDemo.LoadTests", "CoreBankDemo.LoadTests\CoreBankDemo.LoadTests.csproj", "{A4FE13B1-3C67-4E22-B69D-71931FD7B15E}"
EndProject
Project("{FAE04EC0-301F-11D3-BF4B-00C04F79EFBC}") = "CoreBankDemo.LoadTestSupport", "CoreBankDemo.LoadTestSupport\CoreBankDemo.LoadTestSupport.csproj", "{994DEF2D-A010-41E1-9989-27D7F2369B80}"
EndProject
Project("{FAE04EC0-301F-11D3-BF4B-00C04F79EFBC}") = "CoreBankDemo.Messaging", "CoreBankDemo.Messaging\CoreBankDemo.Messaging.csproj", "{7B64FC27-E3FB-4B59-8249-ED440C50964C}"
EndProject
Project("{2150E333-8FDC-42A3-9474-1A3956D46DE8}") = "LoadTest", "LoadTest", "{8A7238A2-9538-4CB4-8F76-75347CAD01A5}"
EndProject
Project("{2150E333-8FDC-42A3-9474-1A3956D46DE8}") = "Tests", "Tests", "{A481A8B4-0EA7-44CA-A7C3-94295A27CFB9}"
EndProject
Project("{FAE04EC0-301F-11D3-BF4B-00C04F79EFBC}") = "CoreBankDemo.Messaging.Tests", "tests\CoreBankDemo.Messaging.Tests\CoreBankDemo.Messaging.Tests.csproj", "{1A2EEADE-C577-47FF-B99A-CFA454608786}"
EndProject
Project("{FAE04EC0-301F-11D3-BF4B-00C04F79EFBC}") = "CoreBankDemo.ServiceDefaults.Tests", "tests\CoreBankDemo.ServiceDefaults.Tests\CoreBankDemo.ServiceDefaults.Tests.csproj", "{5610288B-6EFE-4D34-B71A-99F3B490C10A}"
EndProject
Project("{FAE04EC0-301F-11D3-BF4B-00C04F79EFBC}") = "CoreBankDemo.CoreBankAPI.Tests", "tests\CoreBankDemo.CoreBankAPI.Tests\CoreBankDemo.CoreBankAPI.Tests.csproj", "{21688CE8-D6C9-4AA6-B96F-8FAB516C1A3B}"
EndProject
Project("{FAE04EC0-301F-11D3-BF4B-00C04F79EFBC}") = "CoreBankDemo.PaymentsAPI.Tests", "tests\CoreBankDemo.PaymentsAPI.Tests\CoreBankDemo.PaymentsAPI.Tests.csproj", "{C5C8074D-505F-4D32-9AA3-488C63F91358}"
EndProject
Project("{FAE04EC0-301F-11D3-BF4B-00C04F79EFBC}") = "CoreBankDemo.DemoRunner", "CoreBankDemo.DemoRunner\CoreBankDemo.DemoRunner.csproj", "{787B246D-A294-478F-9D04-73CD0C9AE49B}"
EndProject
Project("{FAE04EC0-301F-11D3-BF4B-00C04F79EFBC}") = "CoreBankDemo.DemoRunner.Tests", "tests\CoreBankDemo.DemoRunner.Tests\CoreBankDemo.DemoRunner.Tests.csproj", "{5E3E4FDD-4111-4569-BFCE-78C4CA9E7D61}"
EndProject
Global
	GlobalSection(SolutionConfigurationPlatforms) = preSolution
		Debug|Any CPU = Debug|Any CPU
		Debug|x64 = Debug|x64
		Debug|x86 = Debug|x86
		Release|Any CPU = Release|Any CPU
		Release|x64 = Release|x64
		Release|x86 = Release|x86
	EndGlobalSection
	GlobalSection(ProjectConfigurationPlatforms) = postSolution
		{6E73E19A-A7E5-4445-85F5-84D290CD15EF}.Debug|Any CPU.ActiveCfg = Debug|Any CPU
		{6E73E19A-A7E5-4445-85F5-84D290CD15EF}.Debug|Any CPU.Build.0 = Debug|Any CPU
		{6E73E19A-A7E5-4445-85F5-84D290CD15EF}.Debug|x64.ActiveCfg = Debug|Any CPU
		{6E73E19A-A7E5-4445-85F5-84D290CD15EF}.Debug|x64.Build.0 = Debug|Any CPU
		{6E73E19A-A7E5-4445-85F5-84D290CD15EF}.Debug|x86.ActiveCfg = Debug|Any CPU
		{6E73E19A-A7E5-4445-85F5-84D290CD15EF}.Debug|x86.Build.0 = Debug|Any CPU
		{6E73E19A-A7E5-4445-85F5-84D290CD15EF}.Release|Any CPU.ActiveCfg = Release|Any CPU
		{6E73E19A-A7E5-4445-85F5-84D290CD15EF}.Release|Any CPU.Build.0 = Release|Any CPU
		{6E73E19A-A7E5-4445-85F5-84D290CD15EF}.Release|x64.ActiveCfg = Release|Any CPU
		{6E73E19A-A7E5-4445-85F5-84D290CD15EF}.Release|x64.Build.0 = Release|Any CPU
		{6E73E19A-A7E5-4445-85F5-84D290CD15EF}.Release|x86.ActiveCfg = Release|Any CPU
		{6E73E19A-A7E5-4445-85F5-84D290CD15EF}.Release|x86.Build.0 = Release|Any CPU
		{763C4D3D-4DE9-4935-8121-6B355EF37ACB}.Debug|Any CPU.ActiveCfg = Debug|Any CPU
		{763C4D3D-4DE9-4935-8121-6B355EF37ACB}.Debug|Any CPU.Build.0 = Debug|Any CPU
		{763C4D3D-4DE9-4935-8121-6B355EF37ACB}.Debug|x64.ActiveCfg = Debug|Any CPU
		{763C4D3D-4DE9-4935-8121-6B355EF37ACB}.Debug|x64.Build.0 = Debug|Any CPU
		{763C4D3D-4DE9-4935-8121-6B355EF37ACB}.Debug|x86.ActiveCfg = Debug|Any CPU
		{763C4D3D-4DE9-4935-8121-6B355EF37ACB}.Debug|x86.Build.0 = Debug|Any CPU
		{763C4D3D-4DE9-4935-8121-6B355EF37ACB}.Release|Any CPU.ActiveCfg = Release|Any CPU
		{763C4D3D-4DE9-4935-8121-6B355EF37ACB}.Release|Any CPU.Build.0 = Release|Any CPU
		{763C4D3D-4DE9-4935-8121-6B355EF37ACB}.Release|x64.ActiveCfg = Release|Any CPU
		{763C4D3D-4DE9-4935-8121-6B355EF37ACB}.Release|x64.Build.0 = Release|Any CPU
		{763C4D3D-4DE9-4935-8121-6B355EF37ACB}.Release|x86.ActiveCfg = Release|Any CPU
		{763C4D3D-4DE9-4935-8121-6B355EF37ACB}.Release|x86.Build.0 = Release|Any CPU
		{F76F7DAB-8076-44A1-BEDF-1841AB7488F2}.Debug|Any CPU.ActiveCfg = Debug|Any CPU
		{F76F7DAB-8076-44A1-BEDF-1841AB7488F2}.Debug|Any CPU.Build.0 = Debug|Any CPU
		{F76F7DAB-8076-44A1-BEDF-1841AB7488F2}.Debug|x64.ActiveCfg = Debug|Any CPU
		{F76F7DAB-8076-44A1-BEDF-1841AB7488F2}.Debug|x64.Build.0 = Debug|Any CPU
		{F76F7DAB-8076-44A1-BEDF-1841AB7488F2}.Debug|x86.ActiveCfg = Debug|Any CPU
		{F76F7DAB-8076-44A1-BEDF-1841AB7488F2}.Debug|x86.Build.0 = Debug|Any CPU
		{F76F7DAB-8076-44A1-BEDF-1841AB7488F2}.Release|Any CPU.ActiveCfg = Release|Any CPU
		{F76F7DAB-8076-44A1-BEDF-1841AB7488F2}.Release|Any CPU.Build.0 = Release|Any CPU
		{F76F7DAB-8076-44A1-BEDF-1841AB7488F2}.Release|x64.ActiveCfg = Release|Any CPU
		{F76F7DAB-8076-44A1-BEDF-1841AB7488F2}.Release|x64.Build.0 = Release|Any CPU
		{F76F7DAB-8076-44A1-BEDF-1841AB7488F2}.Release|x86.ActiveCfg = Release|Any CPU
		{F76F7DAB-8076-44A1-BEDF-1841AB7488F2}.Release|x86.Build.0 = Release|Any CPU
		{A16AD6B2-4451-442A-8356-1EBE9BEAF793}.Debug|Any CPU.ActiveCfg = Debug|Any CPU
		{A16AD6B2-4451-442A-8356-1EBE9BEAF793}.Debug|Any CPU.Build.0 = Debug|Any CPU
		{A16AD6B2-4451-442A-8356-1EBE9BEAF793}.Debug|x64.ActiveCfg = Debug|Any CPU
		{A16AD6B2-4451-442A-8356-1EBE9BEAF793}.Debug|x64.Build.0 = Debug|Any CPU
		{A16AD6B2-4451-442A-8356-1EBE9BEAF793}.Debug|x86.ActiveCfg = Debug|Any CPU
		{A16AD6B2-4451-442A-8356-1EBE9BEAF793}.Debug|x86.Build.0 = Debug|Any CPU
		{A16AD6B2-4451-442A-8356-1EBE9BEAF793}.Release|Any CPU.ActiveCfg = Release|Any CPU
		{A16AD6B2-4451-442A-8356-1EBE9BEAF793}.Release|Any CPU.Build.0 = Release|Any CPU
		{A16AD6B2-4451-442A-8356-1EBE9BEAF793}.Release|x64.ActiveCfg = Release|Any CPU
		{A16AD6B2-4451-442A-8356-1EBE9BEAF793}.Release|x64.Build.0 = Release|Any CPU
		{A16AD6B2-4451-442A-8356-1EBE9BEAF793}.Release|x86.ActiveCfg = Release|Any CPU
		{A16AD6B2-4451-442A-8356-1EBE9BEAF793}.Release|x86.Build.0 = Release|Any CPU
		{A4FE13B1-3C67-4E22-B69D-71931FD7B15E}.Debug|Any CPU.ActiveCfg = Debug|Any CPU
		{A4FE13B1-3C67-4E22-B69D-71931FD7B15E}.Debug|Any CPU.Build.0 = Debug|Any CPU
		{A4FE13B1-3C67-4E22-B69D-71931FD7B15E}.Debug|x64.ActiveCfg = Debug|Any CPU
		{A4FE13B1-3C67-4E22-B69D-71931FD7B15E}.Debug|x64.Build.0 = Debug|Any CPU
		{A4FE13B1-3C67-4E22-B69D-71931FD7B15E}.Debug|x86.ActiveCfg = Debug|Any CPU
		{A4FE13B1-3C67-4E22-B69D-71931FD7B15E}.Debug|x86.Build.0 = Debug|Any CPU
		{A4FE13B1-3C67-4E22-B69D-71931FD7B15E}.Release|Any CPU.ActiveCfg = Release|Any CPU
		{A4FE13B1-3C67-4E22-B69D-71931FD7B15E}.Release|Any CPU.Build.0 = Release|Any CPU
		{A4FE13B1-3C67-4E22-B69D-71931FD7B15E}.Release|x64.ActiveCfg = Release|Any CPU
		{A4FE13B1-3C67-4E22-B69D-71931FD7B15E}.Release|x64.Build.0 = Release|Any CPU
		{A4FE13B1-3C67-4E22-B69D-71931FD7B15E}.Release|x86.ActiveCfg = Release|Any CPU
		{A4FE13B1-3C67-4E22-B69D-71931FD7B15E}.Release|x86.Build.0 = Release|Any CPU
		{994DEF2D-A010-41E1-9989-27D7F2369B80}.Debug|Any CPU.ActiveCfg = Debug|Any CPU
		{994DEF2D-A010-41E1-9989-27D7F2369B80}.Debug|Any CPU.Build.0 = Debug|Any CPU
		{994DEF2D-A010-41E1-9989-27D7F2369B80}.Debug|x64.ActiveCfg = Debug|Any CPU
		{994DEF2D-A010-41E1-9989-27D7F2369B80}.Debug|x64.Build.0 = Debug|Any CPU
		{994DEF2D-A010-41E1-9989-27D7F2369B80}.Debug|x86.ActiveCfg = Debug|Any CPU
		{994DEF2D-A010-41E1-9989-27D7F2369B80}.Debug|x86.Build.0 = Debug|Any CPU
		{994DEF2D-A010-41E1-9989-27D7F2369B80}.Release|Any CPU.ActiveCfg = Release|Any CPU
		{994DEF2D-A010-41E1-9989-27D7F2369B80}.Release|Any CPU.Build.0 = Release|Any CPU
		{994DEF2D-A010-41E1-9989-27D7F2369B80}.Release|x64.ActiveCfg = Release|Any CPU
		{994DEF2D-A010-41E1-9989-27D7F2369B80}.Release|x64.Build.0 = Release|Any CPU
		{994DEF2D-A010-41E1-9989-27D7F2369B80}.Release|x86.ActiveCfg = Release|Any CPU
		{994DEF2D-A010-41E1-9989-27D7F2369B80}.Release|x86.Build.0 = Release|Any CPU
		{7B64FC27-E3FB-4B59-8249-ED440C50964C}.Debug|Any CPU.ActiveCfg = Debug|Any CPU
		{7B64FC27-E3FB-4B59-8249-ED440C50964C}.Debug|Any CPU.Build.0 = Debug|Any CPU
		{7B64FC27-E3FB-4B59-8249-ED440C50964C}.Debug|x64.ActiveCfg = Debug|Any CPU
		{7B64FC27-E3FB-4B59-8249-ED440C50964C}.Debug|x64.Build.0 = Debug|Any CPU
		{7B64FC27-E3FB-4B59-8249-ED440C50964C}.Debug|x86.ActiveCfg = Debug|Any CPU
		{7B64FC27-E3FB-4B59-8249-ED440C50964C}.Debug|x86.Build.0 = Debug|Any CPU
		{7B64FC27-E3FB-4B59-8249-ED440C50964C}.Release|Any CPU.ActiveCfg = Release|Any CPU
		{7B64FC27-E3FB-4B59-8249-ED440C50964C}.Release|Any CPU.Build.0 = Release|Any CPU
		{7B64FC27-E3FB-4B59-8249-ED440C50964C}.Release|x64.ActiveCfg = Release|Any CPU
		{7B64FC27-E3FB-4B59-8249-ED440C50964C}.Release|x64.Build.0 = Release|Any CPU
		{7B64FC27-E3FB-4B59-8249-ED440C50964C}.Release|x86.ActiveCfg = Release|Any CPU
		{7B64FC27-E3FB-4B59-8249-ED440C50964C}.Release|x86.Build.0 = Release|Any CPU
		{1A2EEADE-C577-47FF-B99A-CFA454608786}.Debug|Any CPU.ActiveCfg = Debug|Any CPU
		{1A2EEADE-C577-47FF-B99A-CFA454608786}.Debug|Any CPU.Build.0 = Debug|Any CPU
		{1A2EEADE-C577-47FF-B99A-CFA454608786}.Debug|x64.ActiveCfg = Debug|Any CPU
		{1A2EEADE-C577-47FF-B99A-CFA454608786}.Debug|x64.Build.0 = Debug|Any CPU
		{1A2EEADE-C577-47FF-B99A-CFA454608786}.Debug|x86.ActiveCfg = Debug|Any CPU
		{1A2EEADE-C577-47FF-B99A-CFA454608786}.Debug|x86.Build.0 = Debug|Any CPU
		{1A2EEADE-C577-47FF-B99A-CFA454608786}.Release|Any CPU.ActiveCfg = Release|Any CPU
		{1A2EEADE-C577-47FF-B99A-CFA454608786}.Release|Any CPU.Build.0 = Release|Any CPU
		{1A2EEADE-C577-47FF-B99A-CFA454608786}.Release|x64.ActiveCfg = Release|Any CPU
		{1A2EEADE-C577-47FF-B99A-CFA454608786}.Release|x64.Build.0 = Release|Any CPU
		{1A2EEADE-C577-47FF-B99A-CFA454608786}.Release|x86.ActiveCfg = Release|Any CPU
		{1A2EEADE-C577-47FF-B99A-CFA454608786}.Release|x86.Build.0 = Release|Any CPU
		{5610288B-6EFE-4D34-B71A-99F3B490C10A}.Debug|Any CPU.ActiveCfg = Debug|Any CPU
		{5610288B-6EFE-4D34-B71A-99F3B490C10A}.Debug|Any CPU.Build.0 = Debug|Any CPU
		{5610288B-6EFE-4D34-B71A-99F3B490C10A}.Debug|x64.ActiveCfg = Debug|Any CPU
		{5610288B-6EFE-4D34-B71A-99F3B490C10A}.Debug|x64.Build.0 = Debug|Any CPU
		{5610288B-6EFE-4D34-B71A-99F3B490C10A}.Debug|x86.ActiveCfg = Debug|Any CPU
		{5610288B-6EFE-4D34-B71A-99F3B490C10A}.Debug|x86.Build.0 = Debug|Any CPU
		{5610288B-6EFE-4D34-B71A-99F3B490C10A}.Release|Any CPU.ActiveCfg = Release|Any CPU
		{5610288B-6EFE-4D34-B71A-99F3B490C10A}.Release|Any CPU.Build.0 = Release|Any CPU
		{5610288B-6EFE-4D34-B71A-99F3B490C10A}.Release|x64.ActiveCfg = Release|Any CPU
		{5610288B-6EFE-4D34-B71A-99F3B490C10A}.Release|x64.Build.0 = Release|Any CPU
		{5610288B-6EFE-4D34-B71A-99F3B490C10A}.Release|x86.ActiveCfg = Release|Any CPU
		{5610288B-6EFE-4D34-B71A-99F3B490C10A}.Release|x86.Build.0 = Release|Any CPU
		{21688CE8-D6C9-4AA6-B96F-8FAB516C1A3B}.Debug|Any CPU.ActiveCfg = Debug|Any CPU
		{21688CE8-D6C9-4AA6-B96F-8FAB516C1A3B}.Debug|Any CPU.Build.0 = Debug|Any CPU
		{21688CE8-D6C9-4AA6-B96F-8FAB516C1A3B}.Debug|x64.ActiveCfg = Debug|Any CPU
		{21688CE8-D6C9-4AA6-B96F-8FAB516C1A3B}.Debug|x64.Build.0 = Debug|Any CPU
		{21688CE8-D6C9-4AA6-B96F-8FAB516C1A3B}.Debug|x86.ActiveCfg = Debug|Any CPU
		{21688CE8-D6C9-4AA6-B96F-8FAB516C1A3B}.Debug|x86.Build.0 = Debug|Any CPU
		{21688CE8-D6C9-4AA6-B96F-8FAB516C1A3B}.Release|Any CPU.ActiveCfg = Release|Any CPU
		{21688CE8-D6C9-4AA6-B96F-8FAB516C1A3B}.Release|Any CPU.Build.0 = Release|Any CPU
		{21688CE8-D6C9-4AA6-B96F-8FAB516C1A3B}.Release|x64.ActiveCfg = Release|Any CPU
		{21688CE8-D6C9-4AA6-B96F-8FAB516C1A3B}.Release|x64.Build.0 = Release|Any CPU
		{21688CE8-D6C9-4AA6-B96F-8FAB516C1A3B}.Release|x86.ActiveCfg = Release|Any CPU
		{21688CE8-D6C9-4AA6-B96F-8FAB516C1A3B}.Release|x86.Build.0 = Release|Any CPU
		{C5C8074D-505F-4D32-9AA3-488C63F91358}.Debug|Any CPU.ActiveCfg = Debug|Any CPU
		{C5C8074D-505F-4D32-9AA3-488C63F91358}.Debug|Any CPU.Build.0 = Debug|Any CPU
		{C5C8074D-505F-4D32-9AA3-488C63F91358}.Debug|x64.ActiveCfg = Debug|Any CPU
		{C5C8074D-505F-4D32-9AA3-488C63F91358}.Debug|x64.Build.0 = Debug|Any CPU
		{C5C8074D-505F-4D32-9AA3-488C63F91358}.Debug|x86.ActiveCfg = Debug|Any CPU
		{C5C8074D-505F-4D32-9AA3-488C63F91358}.Debug|x86.Build.0 = Debug|Any CPU
		{C5C8074D-505F-4D32-9AA3-488C63F91358}.Release|Any CPU.ActiveCfg = Release|Any CPU
		{C5C8074D-505F-4D32-9AA3-488C63F91358}.Release|Any CPU.Build.0 = Release|Any CPU
		{C5C8074D-505F-4D32-9AA3-488C63F91358}.Release|x64.ActiveCfg = Release|Any CPU
		{C5C8074D-505F-4D32-9AA3-488C63F91358}.Release|x64.Build.0 = Release|Any CPU
		{C5C8074D-505F-4D32-9AA3-488C63F91358}.Release|x86.ActiveCfg = Release|Any CPU
		{C5C8074D-505F-4D32-9AA3-488C63F91358}.Release|x86.Build.0 = Release|Any CPU
		{787B246D-A294-478F-9D04-73CD0C9AE49B}.Debug|Any CPU.ActiveCfg = Debug|Any CPU
		{787B246D-A294-478F-9D04-73CD0C9AE49B}.Debug|Any CPU.Build.0 = Debug|Any CPU
		{787B246D-A294-478F-9D04-73CD0C9AE49B}.Debug|x64.ActiveCfg = Debug|Any CPU
		{787B246D-A294-478F-9D04-73CD0C9AE49B}.Debug|x64.Build.0 = Debug|Any CPU
		{787B246D-A294-478F-9D04-73CD0C9AE49B}.Debug|x86.ActiveCfg = Debug|Any CPU
		{787B246D-A294-478F-9D04-73CD0C9AE49B}.Debug|x86.Build.0 = Debug|Any CPU
		{787B246D-A294-478F-9D04-73CD0C9AE49B}.Release|Any CPU.ActiveCfg = Release|Any CPU
		{787B246D-A294-478F-9D04-73CD0C9AE49B}.Release|Any CPU.Build.0 = Release|Any CPU
		{787B246D-A294-478F-9D04-73CD0C9AE49B}.Release|x64.ActiveCfg = Release|Any CPU
		{787B246D-A294-478F-9D04-73CD0C9AE49B}.Release|x64.Build.0 = Release|Any CPU
		{787B246D-A294-478F-9D04-73CD0C9AE49B}.Release|x86.ActiveCfg = Release|Any CPU
		{787B246D-A294-478F-9D04-73CD0C9AE49B}.Release|x86.Build.0 = Release|Any CPU
		{5E3E4FDD-4111-4569-BFCE-78C4CA9E7D61}.Debug|Any CPU.ActiveCfg = Debug|Any CPU
		{5E3E4FDD-4111-4569-BFCE-78C4CA9E7D61}.Debug|Any CPU.Build.0 = Debug|Any CPU
		{5E3E4FDD-4111-4569-BFCE-78C4CA9E7D61}.Debug|x64.ActiveCfg = Debug|Any CPU
		{5E3E4FDD-4111-4569-BFCE-78C4CA9E7D61}.Debug|x64.Build.0 = Debug|Any CPU
		{5E3E4FDD-4111-4569-BFCE-78C4CA9E7D61}.Debug|x86.ActiveCfg = Debug|Any CPU
		{5E3E4FDD-4111-4569-BFCE-78C4CA9E7D61}.Debug|x86.Build.0 = Debug|Any CPU
		{5E3E4FDD-4111-4569-BFCE-78C4CA9E7D61}.Release|Any CPU.ActiveCfg = Release|Any CPU
		{5E3E4FDD-4111-4569-BFCE-78C4CA9E7D61}.Release|Any CPU.Build.0 = Release|Any CPU
		{5E3E4FDD-4111-4569-BFCE-78C4CA9E7D61}.Release|x64.ActiveCfg = Release|Any CPU
		{5E3E4FDD-4111-4569-BFCE-78C4CA9E7D61}.Release|x64.Build.0 = Release|Any CPU
		{5E3E4FDD-4111-4569-BFCE-78C4CA9E7D61}.Release|x86.ActiveCfg = Release|Any CPU
		{5E3E4FDD-4111-4569-BFCE-78C4CA9E7D61}.Release|x86.Build.0 = Release|Any CPU
	EndGlobalSection
	GlobalSection(SolutionProperties) = preSolution
		HideSolutionNode = FALSE
	EndGlobalSection
	GlobalSection(NestedProjects) = preSolution
		{6E73E19A-A7E5-4445-85F5-84D290CD15EF} = {AF37A4E2-64C8-494B-9C9F-BA778B8FA6FF}
		{763C4D3D-4DE9-4935-8121-6B355EF37ACB} = {98FF36C2-ECFA-4DB2-855D-D20E3DA5E139}
		{F76F7DAB-8076-44A1-BEDF-1841AB7488F2} = {6A288DCA-7E0A-452E-893C-3A7CBA069849}
		{A16AD6B2-4451-442A-8356-1EBE9BEAF793} = {6A288DCA-7E0A-452E-893C-3A7CBA069849}
		{A4FE13B1-3C67-4E22-B69D-71931FD7B15E} = {8A7238A2-9538-4CB4-8F76-75347CAD01A5}
		{994DEF2D-A010-41E1-9989-27D7F2369B80} = {8A7238A2-9538-4CB4-8F76-75347CAD01A5}
		{1A2EEADE-C577-47FF-B99A-CFA454608786} = {A481A8B4-0EA7-44CA-A7C3-94295A27CFB9}
		{5610288B-6EFE-4D34-B71A-99F3B490C10A} = {A481A8B4-0EA7-44CA-A7C3-94295A27CFB9}
		{21688CE8-D6C9-4AA6-B96F-8FAB516C1A3B} = {A481A8B4-0EA7-44CA-A7C3-94295A27CFB9}
		{C5C8074D-505F-4D32-9AA3-488C63F91358} = {A481A8B4-0EA7-44CA-A7C3-94295A27CFB9}
		{5E3E4FDD-4111-4569-BFCE-78C4CA9E7D61} = {A481A8B4-0EA7-44CA-A7C3-94295A27CFB9}
	EndGlobalSection
EndGlobal
